
Microsoft Visual Studio Solution File, Format Version 12.00
# Visual Studio Version 17
VisualStudioVersion = 17.5.33502.453
MinimumVisualStudioVersion = 10.0.40219.1
Project("{FAE04EC0-301F-11D3-BF4B-00C04F79EFBC}") = "RentCar", "RentCar\RentCar.csproj", "{0A531ECD-9EEE-4F2D-AC46-B19AF231707E}"
EndProject
Global
	GlobalSection(SolutionConfigurationPlatforms) = preSolution
		Debug|Any CPU = Debug|Any CPU
		Release|Any CPU = Release|Any CPU
	EndGlobalSection
	GlobalSection(ProjectConfigurationPlatforms) = postSolution
		{0A531ECD-9EEE-4F2D-AC46-B19AF231707E}.Debug|Any CPU.ActiveCfg = Debug|Any CPU
		{0A531ECD-9EEE-4F2D-AC46-B19AF231707E}.Debug|Any CPU.Build.0 = Debug|Any CPU
		{0A531ECD-9EEE-4F2D-AC46-B19AF231707E}.Release|Any CPU.ActiveCfg = Release|Any CPU
		{0A531ECD-9EEE-4F2D-AC46-B19AF231707E}.Release|Any CPU.Build.0 = Release|Any CPU
	EndGlobalSection
	GlobalSection(SolutionProperties) = preSolution
		HideSolutionNode = FALSE
	EndGlobalSection
	GlobalSection(ExtensibilityGlobals) = postSolution
		SolutionGuid = {D45C142F-79C0-47E3-B116-F6360C1B1EDA}
	EndGlobalSection
EndGlobal
